{
  "meteor": {
    "git": "https://github.com/meteor/meteor.git",
    "branch": "master",
    "commit": "f07715dc70de16a7aab84e56ab0c6cbd9c1f9dc6"
  },
  "dependencies": {
    "basePackages": {
      "foundation": {
        "git": "https://github.com/aquaintus/meteor-foundation",
        "branch": "master"
      }
    },
    "packages": {
      "foundation": {
        "git": "https://github.com/aquaintus/meteor-foundation",
        "branch": "master",
        "commit": "3d788ff921d5469dae9cbd7b4bd139b47d0e0b9b"
      }
    }
  }
}
